// !$*UTF8*$!
{
	archiveVersion = 1;
	classes = {
	};
	objectVersion = 46;
	objects = {

/* Begin PBXBuildFile section */
		5AA0B1D519C4A82600BAA779 /* Foundation.framework in Frameworks */ = {isa = PBXBuildFile; fileRef = 5AA0B1D419C4A82600BAA779 /* Foundation.framework */; };
		5AA0B1D719C4A82600BAA779 /* CoreGraphics.framework in Frameworks */ = {isa = PBXBuildFile; fileRef = 5AA0B1D619C4A82600BAA779 /* CoreGraphics.framework */; };
		5AA0B1D919C4A82600BAA779 /* UIKit.framework in Frameworks */ = {isa = PBXBuildFile; fileRef = 5AA0B1D819C4A82600BAA779 /* UIKit.framework */; };
		5AA0B1DF19C4A82600BAA779 /* InfoPlist.strings in Resources */ = {isa = PBXBuildFile; fileRef = 5AA0B1DD19C4A82600BAA779 /* InfoPlist.strings */; };
		5AA0B1E119C4A82600BAA779 /* main.m in Sources */ = {isa = PBXBuildFile; fileRef = 5AA0B1E019C4A82600BAA779 /* main.m */; };
		5AA0B1E519C4A82600BAA779 /* RFSAppDelegate.m in Sources */ = {isa = PBXBuildFile; fileRef = 5AA0B1E419C4A82600BAA779 /* RFSAppDelegate.m */; };
		5AA0B1E819C4A82600BAA779 /* Main.storyboard in Resources */ = {isa = PBXBuildFile; fileRef = 5AA0B1E619C4A82600BAA779 /* Main.storyboard */; };
		5AA0B1EB19C4A82600BAA779 /* RFSViewController.m in Sources */ = {isa = PBXBuildFile; fileRef = 5AA0B1EA19C4A82600BAA779 /* RFSViewController.m */; };
		5AA0B1ED19C4A82600BAA779 /* Images.xcassets in Resources */ = {isa = PBXBuildFile; fileRef = 5AA0B1EC19C4A82600BAA779 /* Images.xcassets */; };
		5AA0B1F419C4A82600BAA779 /* XCTest.framework in Frameworks */ = {isa = PBXBuildFile; fileRef = 5AA0B1F319C4A82600BAA779 /* XCTest.framework */; };
		5AA0B1F519C4A82600BAA779 /* Foundation.framework in Frameworks */ = {isa = PBXBuildFile; fileRef = 5AA0B1D419C4A82600BAA779 /* Foundation.framework */; };
		5AA0B1F619C4A82600BAA779 /* UIKit.framework in Frameworks */ = {isa = PBXBuildFile; fileRef = 5AA0B1D819C4A82600BAA779 /* UIKit.framework */; };
		5AA0B1FE19C4A82600BAA779 /* InfoPlist.strings in Resources */ = {isa = PBXBuildFile; fileRef = 5AA0B1FC19C4A82600BAA779 /* InfoPlist.strings */; };
		5AA0B20019C4A82600BAA779 /* MasterCookTests.m in Sources */ = {isa = PBXBuildFile; fileRef = 5AA0B1FF19C4A82600BAA779 /* MasterCookTests.m */; };
/* End PBXBuildFile section */

/* Begin PBXContainerItemProxy section */
		5AA0B1F719C4A82600BAA779 /* PBXContainerItemProxy */ = {
			isa = PBXContainerItemProxy;
			containerPortal = 5AA0B1C919C4A82600BAA779 /* Project object */;
			proxyType = 1;
			remoteGlobalIDString = 5AA0B1D019C4A82600BAA779;
			remoteInfo = MasterCook;
		};
/* End PBXContainerItemProxy section */

/* Begin PBXFileReference section */
		5AA0B1D119C4A82600BAA779 /* MasterCook.app */ = {isa = PBXFileReference; explicitFileType = wrapper.application; includeInIndex = 0; path = MasterCook.app; sourceTree = BUILT_PRODUCTS_DIR; };
		5AA0B1D419C4A82600BAA779 /* Foundation.framework */ = {isa = PBXFileReference; lastKnownFileType = wrapper.framework; name = Foundation.framework; path = System/Library/Frameworks/Foundation.framework; sourceTree = SDKROOT; };
		5AA0B1D619C4A82600BAA779 /* CoreGraphics.framework */ = {isa = PBXFileReference; lastKnownFileType = wrapper.framework; name = CoreGraphics.framework; path = System/Library/Frameworks/CoreGraphics.framework; sourceTree = SDKROOT; };
		5AA0B1D819C4A82600BAA779 /* UIKit.framework */ = {isa = PBXFileReference; lastKnownFileType = wrapper.framework; name = UIKit.framework; path = System/Library/Frameworks/UIKit.framework; sourceTree = SDKROOT; };
		5AA0B1DC19C4A82600BAA779 /* MasterCook-Info.plist */ = {isa = PBXFileReference; lastKnownFileType = text.plist.xml; path = "MasterCook-Info.plist"; sourceTree = "<group>"; };
		5AA0B1DE19C4A82600BAA779 /* en */ = {isa = PBXFileReference; lastKnownFileType = text.plist.strings; name = en; path = en.lproj/InfoPlist.strings; sourceTree = "<group>"; };
		5AA0B1E019C4A82600BAA779 /* main.m */ = {isa = PBXFileReference; lastKnownFileType = sourcecode.c.objc; path = main.m; sourceTree = "<group>"; };
		5AA0B1E219C4A82600BAA779 /* MasterCook-Prefix.pch */ = {isa = PBXFileReference; lastKnownFileType = sourcecode.c.h; path = "MasterCook-Prefix.pch"; sourceTree = "<group>"; };
		5AA0B1E319C4A82600BAA779 /* RFSAppDelegate.h */ = {isa = PBXFileReference; lastKnownFileType = sourcecode.c.h; path = RFSAppDelegate.h; sourceTree = "<group>"; };
		5AA0B1E419C4A82600BAA779 /* RFSAppDelegate.m */ = {isa = PBXFileReference; lastKnownFileType = sourcecode.c.objc; path = RFSAppDelegate.m; sourceTree = "<group>"; };
		5AA0B1E719C4A82600BAA779 /* Base */ = {isa = PBXFileReference; lastKnownFileType = file.storyboard; name = Base; path = Base.lproj/Main.storyboard; sourceTree = "<group>"; };
		5AA0B1E919C4A82600BAA779 /* RFSViewController.h */ = {isa = PBXFileReference; lastKnownFileType = sourcecode.c.h; path = RFSViewController.h; sourceTree = "<group>"; };
		5AA0B1EA19C4A82600BAA779 /* RFSViewController.m */ = {isa = PBXFileReference; lastKnownFileType = sourcecode.c.objc; path = RFSViewController.m; sourceTree = "<group>"; };
		5AA0B1EC19C4A82600BAA779 /* Images.xcassets */ = {isa = PBXFileReference; lastKnownFileType = folder.assetcatalog; path = Images.xcassets; sourceTree = "<group>"; };
		5AA0B1F219C4A82600BAA779 /* MasterCookTests.xctest */ = {isa = PBXFileReference; explicitFileType = wrapper.cfbundle; includeInIndex = 0; path = MasterCookTests.xctest; sourceTree = BUILT_PRODUCTS_DIR; };
		5AA0B1F319C4A82600BAA779 /* XCTest.framework */ = {isa = PBXFileReference; lastKnownFileType = wrapper.framework; name = XCTest.framework; path = Library/Frameworks/XCTest.framework; sourceTree = DEVELOPER_DIR; };
		5AA0B1FB19C4A82600BAA779 /* MasterCookTests-Info.plist */ = {isa = PBXFileReference; lastKnownFileType = text.plist.xml; path = "MasterCookTests-Info.plist"; sourceTree = "<group>"; };
		5AA0B1FD19C4A82600BAA779 /* en */ = {isa = PBXFileReference; lastKnownFileType = text.plist.strings; name = en; path = en.lproj/InfoPlist.strings; sourceTree = "<group>"; };
		5AA0B1FF19C4A82600BAA779 /* MasterCookTests.m */ = {isa = PBXFileReference; lastKnownFileType = sourcecode.c.objc; path = MasterCookTests.m; sourceTree = "<group>"; };
/* End PBXFileReference section */

/* Begin PBXFrameworksBuildPhase section */
		5AA0B1CE19C4A82600BAA779 /* Frameworks */ = {
			isa = PBXFrameworksBuildPhase;
			buildActionMask = 2147483647;
			files = (
				5AA0B1D719C4A82600BAA779 /* CoreGraphics.framework in Frameworks */,
				5AA0B1D919C4A82600BAA779 /* UIKit.framework in Frameworks */,
				5AA0B1D519C4A82600BAA779 /* Foundation.framework in Frameworks */,
			);
			runOnlyForDeploymentPostprocessing = 0;
		};
		5AA0B1EF19C4A82600BAA779 /* Frameworks */ = {
			isa = PBXFrameworksBuildPhase;
			buildActionMask = 2147483647;
			files = (
				5AA0B1F419C4A82600BAA779 /* XCTest.framework in Frameworks */,
				5AA0B1F619C4A82600BAA779 /* UIKit.framework in Frameworks */,
				5AA0B1F519C4A82600BAA779 /* Foundation.framework in Frameworks */,
			);
			runOnlyForDeploymentPostprocessing = 0;
		};
/* End PBXFrameworksBuildPhase section */

/* Begin PBXGroup section */
		5AA0B1C819C4A82600BAA779 = {
			isa = PBXGroup;
			children = (
				5AA0B1DA19C4A82600BAA779 /* MasterCook */,
				5AA0B1F919C4A82600BAA779 /* MasterCookTests */,
				5AA0B1D319C4A82600BAA779 /* Frameworks */,
				5AA0B1D219C4A82600BAA779 /* Products */,
			);
			sourceTree = "<group>";
		};
		5AA0B1D219C4A82600BAA779 /* Products */ = {
			isa = PBXGroup;
			children = (
				5AA0B1D119C4A82600BAA779 /* MasterCook.app */,
				5AA0B1F219C4A82600BAA779 /* MasterCookTests.xctest */,
			);
			name = Products;
			sourceTree = "<group>";
		};
		5AA0B1D319C4A82600BAA779 /* Frameworks */ = {
			isa = PBXGroup;
			children = (
				5AA0B1D419C4A82600BAA779 /* Foundation.framework */,
				5AA0B1D619C4A82600BAA779 /* CoreGraphics.framework */,
				5AA0B1D819C4A82600BAA779 /* UIKit.framework */,
				5AA0B1F319C4A82600BAA779 /* XCTest.framework */,
			);
			name = Frameworks;
			sourceTree = "<group>";
		};
		5AA0B1DA19C4A82600BAA779 /* MasterCook */ = {
			isa = PBXGroup;
			children = (
				5AA0B1E319C4A82600BAA779 /* RFSAppDelegate.h */,
				5AA0B1E419C4A82600BAA779 /* RFSAppDelegate.m */,
				5AA0B1E619C4A82600BAA779 /* Main.storyboard */,
				5AA0B1E919C4A82600BAA779 /* RFSViewController.h */,
				5AA0B1EA19C4A82600BAA779 /* RFSViewController.m */,
				5AA0B1EC19C4A82600BAA779 /* Images.xcassets */,
				5AA0B1DB19C4A82600BAA779 /* Supporting Files */,
			);
			path = MasterCook;
			sourceTree = "<group>";
		};
		5AA0B1DB19C4A82600BAA779 /* Supporting Files */ = {
			isa = PBXGroup;
			children = (
				5AA0B1DC19C4A82600BAA779 /* MasterCook-Info.plist */,
				5AA0B1DD19C4A82600BAA779 /* InfoPlist.strings */,
				5AA0B1E019C4A82600BAA779 /* main.m */,
				5AA0B1E219C4A82600BAA779 /* MasterCook-Prefix.pch */,
			);
			name = "Supporting Files";
			sourceTree = "<group>";
		};
		5AA0B1F919C4A82600BAA779 /* MasterCookTests */ = {
			isa = PBXGroup;
			children = (
				5AA0B1FF19C4A82600BAA779 /* MasterCookTests.m */,
				5AA0B1FA19C4A82600BAA779 /* Supporting Files */,
			);
			path = MasterCookTests;
			sourceTree = "<group>";
		};
		5AA0B1FA19C4A82600BAA779 /* Supporting Files */ = {
			isa = PBXGroup;
			children = (
				5AA0B1FB19C4A82600BAA779 /* MasterCookTests-Info.plist */,
				5AA0B1FC19C4A82600BAA779 /* InfoPlist.strings */,
			);
			name = "Supporting Files";
			sourceTree = "<group>";
		};
/* End PBXGroup section */

/* Begin PBXNativeTarget section */
		5AA0B1D019C4A82600BAA779 /* MasterCook */ = {
			isa = PBXNativeTarget;
			buildConfigurationList = 5AA0B20319C4A82600BAA779 /* Build configuration list for PBXNativeTarget "MasterCook" */;
			buildPhases = (
				5AA0B1CD19C4A82600BAA779 /* Sources */,
				5AA0B1CE19C4A82600BAA779 /* Frameworks */,
				5AA0B1CF19C4A82600BAA779 /* Resources */,
			);
			buildRules = (
			);
			dependencies = (
			);
			name = MasterCook;
			productName = MasterCook;
			productReference = 5AA0B1D119C4A82600BAA779 /* MasterCook.app */;
			productType = "com.apple.product-type.application";
		};
		5AA0B1F119C4A82600BAA779 /* MasterCookTests */ = {
			isa = PBXNativeTarget;
			buildConfigurationList = 5AA0B20619C4A82600BAA779 /* Build configuration list for PBXNativeTarget "MasterCookTests" */;
			buildPhases = (
				5AA0B1EE19C4A82600BAA779 /* Sources */,
				5AA0B1EF19C4A82600BAA779 /* Frameworks */,
				5AA0B1F019C4A82600BAA779 /* Resources */,
			);
			buildRules = (
			);
			dependencies = (
				5AA0B1F819C4A82600BAA779 /* PBXTargetDependency */,
			);
			name = MasterCookTests;
			productName = MasterCookTests;
			productReference = 5AA0B1F219C4A82600BAA779 /* MasterCookTests.xctest */;
			productType = "com.apple.product-type.bundle.unit-test";
		};
/* End PBXNativeTarget section */

/* Begin PBXProject section */
		5AA0B1C919C4A82600BAA779 /* Project object */ = {
			isa = PBXProject;
			attributes = {
				CLASSPREFIX = RFS;
				LastUpgradeCheck = 0510;
				ORGANIZATIONNAME = "Rafael Ferreira Silva";
				TargetAttributes = {
					5AA0B1F119C4A82600BAA779 = {
						TestTargetID = 5AA0B1D019C4A82600BAA779;
					};
				};
			};
			buildConfigurationList = 5AA0B1CC19C4A82600BAA779 /* Build configuration list for PBXProject "MasterCook" */;
			compatibilityVersion = "Xcode 3.2";
			developmentRegion = English;
			hasScannedForEncodings = 0;
			knownRegions = (
				en,
				Base,
			);
			mainGroup = 5AA0B1C819C4A82600BAA779;
			productRefGroup = 5AA0B1D219C4A82600BAA779 /* Products */;
			projectDirPath = "";
			projectRoot = "";
			targets = (
				5AA0B1D019C4A82600BAA779 /* MasterCook */,
				5AA0B1F119C4A82600BAA779 /* MasterCookTests */,
			);
		};
/* End PBXProject section */

/* Begin PBXResourcesBuildPhase section */
		5AA0B1CF19C4A82600BAA779 /* Resources */ = {
			isa = PBXResourcesBuildPhase;
			buildActionMask = 2147483647;
			files = (
				5AA0B1ED19C4A82600BAA779 /* Images.xcassets in Resources */,
				5AA0B1DF19C4A82600BAA779 /* InfoPlist.strings in Resources */,
				5AA0B1E819C4A82600BAA779 /* Main.storyboard in Resources */,
			);
			runOnlyForDeploymentPostprocessing = 0;
		};
		5AA0B1F019C4A82600BAA779 /* Resources */ = {
			isa = PBXResourcesBuildPhase;
			buildActionMask = 2147483647;
			files = (
				5AA0B1FE19C4A82600BAA779 /* InfoPlist.strings in Resources */,
			);
			runOnlyForDeploymentPostprocessing = 0;
		};
/* End PBXResourcesBuildPhase section */

/* Begin PBXSourcesBuildPhase section */
		5AA0B1CD19C4A82600BAA779 /* Sources */ = {
			isa = PBXSourcesBuildPhase;
			buildActionMask = 2147483647;
			files = (
				5AA0B1E519C4A82600BAA779 /* RFSAppDelegate.m in Sources */,
				5AA0B1E119C4A82600BAA779 /* main.m in Sources */,
				5AA0B1EB19C4A82600BAA779 /* RFSViewController.m in Sources */,
			);
			runOnlyForDeploymentPostprocessing = 0;
		};
		5AA0B1EE19C4A82600BAA779 /* Sources */ = {
			isa = PBXSourcesBuildPhase;
			buildActionMask = 2147483647;
			files = (
				5AA0B20019C4A82600BAA779 /* MasterCookTests.m in Sources */,
			);
			runOnlyForDeploymentPostprocessing = 0;
		};
/* End PBXSourcesBuildPhase section */

/* Begin PBXTargetDependency section */
		5AA0B1F819C4A82600BAA779 /* PBXTargetDependency */ = {
			isa = PBXTargetDependency;
			target = 5AA0B1D019C4A82600BAA779 /* MasterCook */;
			targetProxy = 5AA0B1F719C4A82600BAA779 /* PBXContainerItemProxy */;
		};
/* End PBXTargetDependency section */

/* Begin PBXVariantGroup section */
		5AA0B1DD19C4A82600BAA779 /* InfoPlist.strings */ = {
			isa = PBXVariantGroup;
			children = (
				5AA0B1DE19C4A82600BAA779 /* en */,
			);
			name = InfoPlist.strings;
			sourceTree = "<group>";
		};
		5AA0B1E619C4A82600BAA779 /* Main.storyboard */ = {
			isa = PBXVariantGroup;
			children = (
				5AA0B1E719C4A82600BAA779 /* Base */,
			);
			name = Main.storyboard;
			sourceTree = "<group>";
		};
		5AA0B1FC19C4A82600BAA779 /* InfoPlist.strings */ = {
			isa = PBXVariantGroup;
			children = (
				5AA0B1FD19C4A82600BAA779 /* en */,
			);
			name = InfoPlist.strings;
			sourceTree = "<group>";
		};
/* End PBXVariantGroup section */

/* Begin XCBuildConfiguration section */
		5AA0B20119C4A82600BAA779 /* Debug */ = {
			isa = XCBuildConfiguration;
			buildSettings = {
				ALWAYS_SEARCH_USER_PATHS = NO;
				CLANG_CXX_LANGUAGE_STANDARD = "gnu++0x";
				CLANG_CXX_LIBRARY = "libc++";
				CLANG_ENABLE_MODULES = YES;
				CLANG_ENABLE_OBJC_ARC = YES;
				CLANG_WARN_BOOL_CONVERSION = YES;
				CLANG_WARN_CONSTANT_CONVERSION = YES;
				CLANG_WARN_DIRECT_OBJC_ISA_USAGE = YES_ERROR;
				CLANG_WARN_EMPTY_BODY = YES;
				CLANG_WARN_ENUM_CONVERSION = YES;
				CLANG_WARN_INT_CONVERSION = YES;
				CLANG_WARN_OBJC_ROOT_CLASS = YES_ERROR;
				CLANG_WARN__DUPLICATE_METHOD_MATCH = YES;
				"CODE_SIGN_IDENTITY[sdk=iphoneos*]" = "iPhone Developer";
				COPY_PHASE_STRIP = NO;
				GCC_C_LANGUAGE_STANDARD = gnu99;
				GCC_DYNAMIC_NO_PIC = NO;
				GCC_OPTIMIZATION_LEVEL = 0;
				GCC_PREPROCESSOR_DEFINITIONS = (
					"DEBUG=1",
					"$(inherited)",
				);
				GCC_SYMBOLS_PRIVATE_EXTERN = NO;
				GCC_WARN_64_TO_32_BIT_CONVERSION = YES;
				GCC_WARN_ABOUT_RETURN_TYPE = YES_ERROR;
				GCC_WARN_UNDECLARED_SELECTOR = YES;
				GCC_WARN_UNINITIALIZED_AUTOS = YES_AGGRESSIVE;
				GCC_WARN_UNUSED_FUNCTION = YES;
				GCC_WARN_UNUSED_VARIABLE = YES;
				IPHONEOS_DEPLOYMENT_TARGET = 7.1;
				ONLY_ACTIVE_ARCH = YES;
				SDKROOT = iphoneos;
			};
			name = Debug;
		};
		5AA0B20219C4A82600BAA779 /* Release */ = {
			isa = XCBuildConfiguration;
			buildSettings = {
				ALWAYS_SEARCH_USER_PATHS = NO;
				CLANG_CXX_LANGUAGE_STANDARD = "gnu++0x";
				CLANG_CXX_LIBRARY = "libc++";
				CLANG_ENABLE_MODULES = YES;
				CLANG_ENABLE_OBJC_ARC = YES;
				CLANG_WARN_BOOL_CONVERSION = YES;
				CLANG_WARN_CONSTANT_CONVERSION = YES;
				CLANG_WARN_DIRECT_OBJC_ISA_USAGE = YES_ERROR;
				CLANG_WARN_EMPTY_BODY = YES;
				CLANG_WARN_ENUM_CONVERSION = YES;
				CLANG_WARN_INT_CONVERSION = YES;
				CLANG_WARN_OBJC_ROOT_CLASS = YES_ERROR;
				CLANG_WARN__DUPLICATE_METHOD_MATCH = YES;
				"CODE_SIGN_IDENTITY[sdk=iphoneos*]" = "iPhone Developer";
				COPY_PHASE_STRIP = YES;
				ENABLE_NS_ASSERTIONS = NO;
				GCC_C_LANGUAGE_STANDARD = gnu99;
				GCC_WARN_64_TO_32_BIT_CONVERSION = YES;
				GCC_WARN_ABOUT_RETURN_TYPE = YES_ERROR;
				GCC_WARN_UNDECLARED_SELECTOR = YES;
				GCC_WARN_UNINITIALIZED_AUTOS = YES_AGGRESSIVE;
				GCC_WARN_UNUSED_FUNCTION = YES;
				GCC_WARN_UNUSED_VARIABLE = YES;
				IPHONEOS_DEPLOYMENT_TARGET = 7.1;
				SDKROOT = iphoneos;
				VALIDATE_PRODUCT = YES;
			};
			name = Release;
		};
		5AA0B20419C4A82600BAA779 /* Debug */ = {
			isa = XCBuildConfiguration;
			buildSettings = {
				ASSETCATALOG_COMPILER_APPICON_NAME = AppIcon;
				ASSETCATALOG_COMPILER_LAUNCHIMAGE_NAME = LaunchImage;
				GCC_PRECOMPILE_PREFIX_HEADER = YES;
				GCC_PREFIX_HEADER = "MasterCook/MasterCook-Prefix.pch";
				INFOPLIST_FILE = "MasterCook/MasterCook-Info.plist";
				PRODUCT_NAME = "$(TARGET_NAME)";
				WRAPPER_EXTENSION = app;
			};
			name = Debug;
		};
		5AA0B20519C4A82600BAA779 /* Release */ = {
			isa = XCBuildConfiguration;
			buildSettings = {
				ASSETCATALOG_COMPILER_APPICON_NAME = AppIcon;
				ASSETCATALOG_COMPILER_LAUNCHIMAGE_NAME = LaunchImage;
				GCC_PRECOMPILE_PREFIX_HEADER = YES;
				GCC_PREFIX_HEADER = "MasterCook/MasterCook-Prefix.pch";
				INFOPLIST_FILE = "MasterCook/MasterCook-Info.plist";
				PRODUCT_NAME = "$(TARGET_NAME)";
				WRAPPER_EXTENSION = app;
			};
			name = Release;
		};
		5AA0B20719C4A82600BAA779 /* Debug */ = {
			isa = XCBuildConfiguration;
			buildSettings = {
				BUNDLE_LOADER = "$(BUILT_PRODUCTS_DIR)/MasterCook.app/MasterCook";
				FRAMEWORK_SEARCH_PATHS = (
					"$(SDKROOT)/Developer/Library/Frameworks",
					"$(inherited)",
					"$(DEVELOPER_FRAMEWORKS_DIR)",
				);
				GCC_PRECOMPILE_PREFIX_HEADER = YES;
				GCC_PREFIX_HEADER = "MasterCook/MasterCook-Prefix.pch";
				GCC_PREPROCESSOR_DEFINITIONS = (
					"DEBUG=1",
					"$(inherited)",
				);
				INFOPLIST_FILE = "MasterCookTests/MasterCookTests-Info.plist";
				PRODUCT_NAME = "$(TARGET_NAME)";
				TEST_HOST = "$(BUNDLE_LOADER)";
				WRAPPER_EXTENSION = xctest;
			};
			name = Debug;
		};
		5AA0B20819C4A82600BAA779 /* Release */ = {
			isa = XCBuildConfiguration;
			buildSettings = {
				BUNDLE_LOADER = "$(BUILT_PRODUCTS_DIR)/MasterCook.app/MasterCook";
				FRAMEWORK_SEARCH_PATHS = (
					"$(SDKROOT)/Developer/Library/Frameworks",
					"$(inherited)",
					"$(DEVELOPER_FRAMEWORKS_DIR)",
				);
				GCC_PRECOMPILE_PREFIX_HEADER = YES;
				GCC_PREFIX_HEADER = "MasterCook/MasterCook-Prefix.pch";
				INFOPLIST_FILE = "MasterCookTests/MasterCookTests-Info.plist";
				PRODUCT_NAME = "$(TARGET_NAME)";
				TEST_HOST = "$(BUNDLE_LOADER)";
				WRAPPER_EXTENSION = xctest;
			};
			name = Release;
		};
/* End XCBuildConfiguration section */

/* Begin XCConfigurationList section */
		5AA0B1CC19C4A82600BAA779 /* Build configuration list for PBXProject "MasterCook" */ = {
			isa = XCConfigurationList;
			buildConfigurations = (
				5AA0B20119C4A82600BAA779 /* Debug */,
				5AA0B20219C4A82600BAA779 /* Release */,
			);
			defaultConfigurationIsVisible = 0;
			defaultConfigurationName = Release;
		};
		5AA0B20319C4A82600BAA779 /* Build configuration list for PBXNativeTarget "MasterCook" */ = {
			isa = XCConfigurationList;
			buildConfigurations = (
				5AA0B20419C4A82600BAA779 /* Debug */,
				5AA0B20519C4A82600BAA779 /* Release */,
			);
			defaultConfigurationIsVisible = 0;
		};
		5AA0B20619C4A82600BAA779 /* Build configuration list for PBXNativeTarget "MasterCookTests" */ = {
			isa = XCConfigurationList;
			buildConfigurations = (
				5AA0B20719C4A82600BAA779 /* Debug */,
				5AA0B20819C4A82600BAA779 /* Release */,
			);
			defaultConfigurationIsVisible = 0;
		};
/* End XCConfigurationList section */
	};
	rootObject = 5AA0B1C919C4A82600BAA779 /* Project object */;
}
